
Microsoft Visual Studio Solution File, Format Version 12.00
# Visual Studio Version 16
VisualStudioVersion = 16.6.30114.105
MinimumVisualStudioVersion = 10.0.40219.1
Project("{FAE04EC0-301F-11D3-BF4B-00C04F79EFBC}") = "ByteBank.SistemaAgencia", "ByteBank.SistemaAgencia\ByteBank.SistemaAgencia.csproj", "{760B60AA-FD9D-4FE3-BB92-CFE78B2380F5}"
EndProject
Project("{FAE04EC0-301F-11D3-BF4B-00C04F79EFBC}") = "ByteBank.Modelos", "ByteBank.Modelos\ByteBank.Modelos.csproj", "{879E7CF5-E00E-4465-A68A-FC485F4FB4D8}"
EndProject
Global
	GlobalSection(SolutionConfigurationPlatforms) = preSolution
		Debug|Any CPU = Debug|Any CPU
		Debug|x64 = Debug|x64
		Debug|x86 = Debug|x86
		Release|Any CPU = Release|Any CPU
		Release|x64 = Release|x64
		Release|x86 = Release|x86
	EndGlobalSection
	GlobalSection(SolutionProperties) = preSolution
		HideSolutionNode = FALSE
	EndGlobalSection
	GlobalSection(ProjectConfigurationPlatforms) = postSolution
		{760B60AA-FD9D-4FE3-BB92-CFE78B2380F5}.Debug|Any CPU.ActiveCfg = Debug|Any CPU
		{760B60AA-FD9D-4FE3-BB92-CFE78B2380F5}.Debug|Any CPU.Build.0 = Debug|Any CPU
		{760B60AA-FD9D-4FE3-BB92-CFE78B2380F5}.Debug|x64.ActiveCfg = Debug|Any CPU
		{760B60AA-FD9D-4FE3-BB92-CFE78B2380F5}.Debug|x64.Build.0 = Debug|Any CPU
		{760B60AA-FD9D-4FE3-BB92-CFE78B2380F5}.Debug|x86.ActiveCfg = Debug|Any CPU
		{760B60AA-FD9D-4FE3-BB92-CFE78B2380F5}.Debug|x86.Build.0 = Debug|Any CPU
		{760B60AA-FD9D-4FE3-BB92-CFE78B2380F5}.Release|Any CPU.ActiveCfg = Release|Any CPU
		{760B60AA-FD9D-4FE3-BB92-CFE78B2380F5}.Release|Any CPU.Build.0 = Release|Any CPU
		{760B60AA-FD9D-4FE3-BB92-CFE78B2380F5}.Release|x64.ActiveCfg = Release|Any CPU
		{760B60AA-FD9D-4FE3-BB92-CFE78B2380F5}.Release|x64.Build.0 = Release|Any CPU
		{760B60AA-FD9D-4FE3-BB92-CFE78B2380F5}.Release|x86.ActiveCfg = Release|Any CPU
		{760B60AA-FD9D-4FE3-BB92-CFE78B2380F5}.Release|x86.Build.0 = Release|Any CPU
		{879E7CF5-E00E-4465-A68A-FC485F4FB4D8}.Debug|Any CPU.ActiveCfg = Debug|Any CPU
		{879E7CF5-E00E-4465-A68A-FC485F4FB4D8}.Debug|Any CPU.Build.0 = Debug|Any CPU
		{879E7CF5-E00E-4465-A68A-FC485F4FB4D8}.Debug|x64.ActiveCfg = Debug|Any CPU
		{879E7CF5-E00E-4465-A68A-FC485F4FB4D8}.Debug|x64.Build.0 = Debug|Any CPU
		{879E7CF5-E00E-4465-A68A-FC485F4FB4D8}.Debug|x86.ActiveCfg = Debug|Any CPU
		{879E7CF5-E00E-4465-A68A-FC485F4FB4D8}.Debug|x86.Build.0 = Debug|Any CPU
		{879E7CF5-E00E-4465-A68A-FC485F4FB4D8}.Release|Any CPU.ActiveCfg = Release|Any CPU
		{879E7CF5-E00E-4465-A68A-FC485F4FB4D8}.Release|Any CPU.Build.0 = Release|Any CPU
		{879E7CF5-E00E-4465-A68A-FC485F4FB4D8}.Release|x64.ActiveCfg = Release|Any CPU
		{879E7CF5-E00E-4465-A68A-FC485F4FB4D8}.Release|x64.Build.0 = Release|Any CPU
		{879E7CF5-E00E-4465-A68A-FC485F4FB4D8}.Release|x86.ActiveCfg = Release|Any CPU
		{879E7CF5-E00E-4465-A68A-FC485F4FB4D8}.Release|x86.Build.0 = Release|Any CPU
	EndGlobalSection
EndGlobal
